
Microsoft Visual Studio Solution File, Format Version 12.00
# Visual Studio Version 17
VisualStudioVersion = 17.5.002.0
MinimumVisualStudioVersion = 10.0.40219.1
Project("{2150E333-8FDC-42A3-9474-1A3956D46DE8}") = "csharp-prep", "csharp-prep", "{D62CB869-2121-4847-AB5C-9A15F6F37FDA}"
EndProject
Project("{9A19103F-16F7-4668-BE54-9A1E7A4F7556}") = "Prep1", "csharp-prep\Prep1\Prep1.csproj", "{89B4A3E3-A3F4-49F3-945F-B078632F5508}"
EndProject
Project("{9A19103F-16F7-4668-BE54-9A1E7A4F7556}") = "Prep2", "csharp-prep\Prep2\Prep2.csproj", "{A0F25177-0584-46FB-A11E-6AF5D8C38EC9}"
EndProject
Project("{9A19103F-16F7-4668-BE54-9A1E7A4F7556}") = "Prep3", "csharp-prep\Prep3\Prep3.csproj", "{1D830DD4-10E2-429B-BE80-FF19E02D2315}"
EndProject
Project("{9A19103F-16F7-4668-BE54-9A1E7A4F7556}") = "Prep4", "csharp-prep\Prep4\Prep4.csproj", "{51539187-E5ED-4883-AFBE-4F26FCCAE30C}"
EndProject
Project("{9A19103F-16F7-4668-BE54-9A1E7A4F7556}") = "Prep5", "csharp-prep\Prep5\Prep5.csproj", "{F47D57EA-58AF-469B-90FD-2E660E697490}"
EndProject
Project("{2150E333-8FDC-42A3-9474-1A3956D46DE8}") = "final", "final", "{608E7AFF-ACCC-4505-86AD-8735EB4134AA}"
EndProject
Project("{9A19103F-16F7-4668-BE54-9A1E7A4F7556}") = "FinalProject", "final\FinalProject\FinalProject.csproj", "{8F83811A-CF86-4064-8971-880EBAD01727}"
EndProject
Project("{9A19103F-16F7-4668-BE54-9A1E7A4F7556}") = "Foundation1", "final\Foundation1\Foundation1.csproj", "{DCD2A720-3C3B-482C-BF2C-3F6924264147}"
EndProject
Project("{9A19103F-16F7-4668-BE54-9A1E7A4F7556}") = "Foundation2", "final\Foundation2\Foundation2.csproj", "{496C7D5C-D0B5-4122-9F59-5DA2B68FAEB1}"
EndProject
Project("{9A19103F-16F7-4668-BE54-9A1E7A4F7556}") = "Foundation3", "final\Foundation3\Foundation3.csproj", "{ED618D26-2436-4D91-BC98-CA9BF9A3B2D4}"
EndProject
Project("{9A19103F-16F7-4668-BE54-9A1E7A4F7556}") = "Foundation4", "final\Foundation4\Foundation4.csproj", "{7880A781-596E-4879-ADDE-86EF85C3A0D3}"
EndProject
Project("{2150E333-8FDC-42A3-9474-1A3956D46DE8}") = "prepare", "prepare", "{AB0A9F3D-0A56-48AD-ACEA-D38032EF4096}"
EndProject
Project("{9A19103F-16F7-4668-BE54-9A1E7A4F7556}") = "Learning02", "prepare\Learning02\Learning02.csproj", "{C05F11D6-3FEB-48E2-B1F4-D55AEE291D84}"
EndProject
Project("{9A19103F-16F7-4668-BE54-9A1E7A4F7556}") = "Learning03", "prepare\Learning03\Learning03.csproj", "{DBBF59D6-7904-40AC-92B0-441CA7F55798}"
EndProject
Project("{9A19103F-16F7-4668-BE54-9A1E7A4F7556}") = "Learning04", "prepare\Learning04\Learning04.csproj", "{60815E13-DD30-4D23-916E-13ADFE4249B6}"
EndProject
Project("{9A19103F-16F7-4668-BE54-9A1E7A4F7556}") = "Learning05", "prepare\Learning05\Learning05.csproj", "{940611B1-6C19-45ED-B7D9-F90171511D20}"
EndProject
Project("{2150E333-8FDC-42A3-9474-1A3956D46DE8}") = "prove", "prove", "{E0AF1AAB-F479-4502-87EE-B8229B3598E7}"
EndProject
Project("{9A19103F-16F7-4668-BE54-9A1E7A4F7556}") = "Develop02", "prove\Develop02\Develop02.csproj", "{AB95C6DD-86F9-4C45-864F-228087484FAE}"
EndProject
Project("{9A19103F-16F7-4668-BE54-9A1E7A4F7556}") = "Develop03", "prove\Develop03\Develop03.csproj", "{23D3267B-1D0C-443F-8665-BB3D7F58C786}"
EndProject
Project("{9A19103F-16F7-4668-BE54-9A1E7A4F7556}") = "Develop04", "prove\Develop04\Develop04.csproj", "{7D185D6D-F60E-4470-8282-B13C0B7A076F}"
EndProject
Project("{9A19103F-16F7-4668-BE54-9A1E7A4F7556}") = "Develop05", "prove\Develop05\Develop05.csproj", "{915816C8-3174-4207-AAC8-1B38411AD107}"
EndProject
Project("{2150E333-8FDC-42A3-9474-1A3956D46DE8}") = "sandbox", "sandbox", "{0C6CF187-F86A-48A3-BC8D-031D970C1654}"
EndProject
Project("{9A19103F-16F7-4668-BE54-9A1E7A4F7556}") = "Sandbox", "sandbox\Sandbox\Sandbox.csproj", "{3E195862-7DA7-4D1A-9C5E-96C5F7801C0D}"
EndProject
Global
	GlobalSection(SolutionConfigurationPlatforms) = preSolution
		Debug|Any CPU = Debug|Any CPU
		Release|Any CPU = Release|Any CPU
	EndGlobalSection
	GlobalSection(ProjectConfigurationPlatforms) = postSolution
		{89B4A3E3-A3F4-49F3-945F-B078632F5508}.Debug|Any CPU.ActiveCfg = Debug|Any CPU
		{89B4A3E3-A3F4-49F3-945F-B078632F5508}.Debug|Any CPU.Build.0 = Debug|Any CPU
		{89B4A3E3-A3F4-49F3-945F-B078632F5508}.Release|Any CPU.ActiveCfg = Release|Any CPU
		{89B4A3E3-A3F4-49F3-945F-B078632F5508}.Release|Any CPU.Build.0 = Release|Any CPU
		{A0F25177-0584-46FB-A11E-6AF5D8C38EC9}.Debug|Any CPU.ActiveCfg = Debug|Any CPU
		{A0F25177-0584-46FB-A11E-6AF5D8C38EC9}.Debug|Any CPU.Build.0 = Debug|Any CPU
		{A0F25177-0584-46FB-A11E-6AF5D8C38EC9}.Release|Any CPU.ActiveCfg = Release|Any CPU
		{A0F25177-0584-46FB-A11E-6AF5D8C38EC9}.Release|Any CPU.Build.0 = Release|Any CPU
		{1D830DD4-10E2-429B-BE80-FF19E02D2315}.Debug|Any CPU.ActiveCfg = Debug|Any CPU
		{1D830DD4-10E2-429B-BE80-FF19E02D2315}.Debug|Any CPU.Build.0 = Debug|Any CPU
		{1D830DD4-10E2-429B-BE80-FF19E02D2315}.Release|Any CPU.ActiveCfg = Release|Any CPU
		{1D830DD4-10E2-429B-BE80-FF19E02D2315}.Release|Any CPU.Build.0 = Release|Any CPU
		{51539187-E5ED-4883-AFBE-4F26FCCAE30C}.Debug|Any CPU.ActiveCfg = Debug|Any CPU
		{51539187-E5ED-4883-AFBE-4F26FCCAE30C}.Debug|Any CPU.Build.0 = Debug|Any CPU
		{51539187-E5ED-4883-AFBE-4F26FCCAE30C}.Release|Any CPU.ActiveCfg = Release|Any CPU
		{51539187-E5ED-4883-AFBE-4F26FCCAE30C}.Release|Any CPU.Build.0 = Release|Any CPU
		{F47D57EA-58AF-469B-90FD-2E660E697490}.Debug|Any CPU.ActiveCfg = Debug|Any CPU
		{F47D57EA-58AF-469B-90FD-2E660E697490}.Debug|Any CPU.Build.0 = Debug|Any CPU
		{F47D57EA-58AF-469B-90FD-2E660E697490}.Release|Any CPU.ActiveCfg = Release|Any CPU
		{F47D57EA-58AF-469B-90FD-2E660E697490}.Release|Any CPU.Build.0 = Release|Any CPU
		{8F83811A-CF86-4064-8971-880EBAD01727}.Debug|Any CPU.ActiveCfg = Debug|Any CPU
		{8F83811A-CF86-4064-8971-880EBAD01727}.Debug|Any CPU.Build.0 = Debug|Any CPU
		{8F83811A-CF86-4064-8971-880EBAD01727}.Release|Any CPU.ActiveCfg = Release|Any CPU
		{8F83811A-CF86-4064-8971-880EBAD01727}.Release|Any CPU.Build.0 = Release|Any CPU
		{DCD2A720-3C3B-482C-BF2C-3F6924264147}.Debug|Any CPU.ActiveCfg = Debug|Any CPU
		{DCD2A720-3C3B-482C-BF2C-3F6924264147}.Debug|Any CPU.Build.0 = Debug|Any CPU
		{DCD2A720-3C3B-482C-BF2C-3F6924264147}.Release|Any CPU.ActiveCfg = Release|Any CPU
		{DCD2A720-3C3B-482C-BF2C-3F6924264147}.Release|Any CPU.Build.0 = Release|Any CPU
		{496C7D5C-D0B5-4122-9F59-5DA2B68FAEB1}.Debug|Any CPU.ActiveCfg = Debug|Any CPU
		{496C7D5C-D0B5-4122-9F59-5DA2B68FAEB1}.Debug|Any CPU.Build.0 = Debug|Any CPU
		{496C7D5C-D0B5-4122-9F59-5DA2B68FAEB1}.Release|Any CPU.ActiveCfg = Release|Any CPU
		{496C7D5C-D0B5-4122-9F59-5DA2B68FAEB1}.Release|Any CPU.Build.0 = Release|Any CPU
		{ED618D26-2436-4D91-BC98-CA9BF9A3B2D4}.Debug|Any CPU.ActiveCfg = Debug|Any CPU
		{ED618D26-2436-4D91-BC98-CA9BF9A3B2D4}.Debug|Any CPU.Build.0 = Debug|Any CPU
		{ED618D26-2436-4D91-BC98-CA9BF9A3B2D4}.Release|Any CPU.ActiveCfg = Release|Any CPU
		{ED618D26-2436-4D91-BC98-CA9BF9A3B2D4}.Release|Any CPU.Build.0 = Release|Any CPU
		{7880A781-596E-4879-ADDE-86EF85C3A0D3}.Debug|Any CPU.ActiveCfg = Debug|Any CPU
		{7880A781-596E-4879-ADDE-86EF85C3A0D3}.Debug|Any CPU.Build.0 = Debug|Any CPU
		{7880A781-596E-4879-ADDE-86EF85C3A0D3}.Release|Any CPU.ActiveCfg = Release|Any CPU
		{7880A781-596E-4879-ADDE-86EF85C3A0D3}.Release|Any CPU.Build.0 = Release|Any CPU
		{C05F11D6-3FEB-48E2-B1F4-D55AEE291D84}.Debug|Any CPU.ActiveCfg = Debug|Any CPU
		{C05F11D6-3FEB-48E2-B1F4-D55AEE291D84}.Debug|Any CPU.Build.0 = Debug|Any CPU
		{C05F11D6-3FEB-48E2-B1F4-D55AEE291D84}.Release|Any CPU.ActiveCfg = Release|Any CPU
		{C05F11D6-3FEB-48E2-B1F4-D55AEE291D84}.Release|Any CPU.Build.0 = Release|Any CPU
		{DBBF59D6-7904-40AC-92B0-441CA7F55798}.Debug|Any CPU.ActiveCfg = Debug|Any CPU
		{DBBF59D6-7904-40AC-92B0-441CA7F55798}.Debug|Any CPU.Build.0 = Debug|Any CPU
		{DBBF59D6-7904-40AC-92B0-441CA7F55798}.Release|Any CPU.ActiveCfg = Release|Any CPU
		{DBBF59D6-7904-40AC-92B0-441CA7F55798}.Release|Any CPU.Build.0 = Release|Any CPU
		{60815E13-DD30-4D23-916E-13ADFE4249B6}.Debug|Any CPU.ActiveCfg = Debug|Any CPU
		{60815E13-DD30-4D23-916E-13ADFE4249B6}.Debug|Any CPU.Build.0 = Debug|Any CPU
		{60815E13-DD30-4D23-916E-13ADFE4249B6}.Release|Any CPU.ActiveCfg = Release|Any CPU
		{60815E13-DD30-4D23-916E-13ADFE4249B6}.Release|Any CPU.Build.0 = Release|Any CPU
		{940611B1-6C19-45ED-B7D9-F90171511D20}.Debug|Any CPU.ActiveCfg = Debug|Any CPU
		{940611B1-6C19-45ED-B7D9-F90171511D20}.Debug|Any CPU.Build.0 = Debug|Any CPU
		{940611B1-6C19-45ED-B7D9-F90171511D20}.Release|Any CPU.ActiveCfg = Release|Any CPU
		{940611B1-6C19-45ED-B7D9-F90171511D20}.Release|Any CPU.Build.0 = Release|Any CPU
		{AB95C6DD-86F9-4C45-864F-228087484FAE}.Debug|Any CPU.ActiveCfg = Debug|Any CPU
		{AB95C6DD-86F9-4C45-864F-228087484FAE}.Debug|Any CPU.Build.0 = Debug|Any CPU
		{AB95C6DD-86F9-4C45-864F-228087484FAE}.Release|Any CPU.ActiveCfg = Release|Any CPU
		{AB95C6DD-86F9-4C45-864F-228087484FAE}.Release|Any CPU.Build.0 = Release|Any CPU
		{23D3267B-1D0C-443F-8665-BB3D7F58C786}.Debug|Any CPU.ActiveCfg = Debug|Any CPU
		{23D3267B-1D0C-443F-8665-BB3D7F58C786}.Debug|Any CPU.Build.0 = Debug|Any CPU
		{23D3267B-1D0C-443F-8665-BB3D7F58C786}.Release|Any CPU.ActiveCfg = Release|Any CPU
		{23D3267B-1D0C-443F-8665-BB3D7F58C786}.Release|Any CPU.Build.0 = Release|Any CPU
		{7D185D6D-F60E-4470-8282-B13C0B7A076F}.Debug|Any CPU.ActiveCfg = Debug|Any CPU
		{7D185D6D-F60E-4470-8282-B13C0B7A076F}.Debug|Any CPU.Build.0 = Debug|Any CPU
		{7D185D6D-F60E-4470-8282-B13C0B7A076F}.Release|Any CPU.ActiveCfg = Release|Any CPU
		{7D185D6D-F60E-4470-8282-B13C0B7A076F}.Release|Any CPU.Build.0 = Release|Any CPU
		{915816C8-3174-4207-AAC8-1B38411AD107}.Debug|Any CPU.ActiveCfg = Debug|Any CPU
		{915816C8-3174-4207-AAC8-1B38411AD107}.Debug|Any CPU.Build.0 = Debug|Any CPU
		{915816C8-3174-4207-AAC8-1B38411AD107}.Release|Any CPU.ActiveCfg = Release|Any CPU
		{915816C8-3174-4207-AAC8-1B38411AD107}.Release|Any CPU.Build.0 = Release|Any CPU
		{3E195862-7DA7-4D1A-9C5E-96C5F7801C0D}.Debug|Any CPU.ActiveCfg = Debug|Any CPU
		{3E195862-7DA7-4D1A-9C5E-96C5F7801C0D}.Debug|Any CPU.Build.0 = Debug|Any CPU
		{3E195862-7DA7-4D1A-9C5E-96C5F7801C0D}.Release|Any CPU.ActiveCfg = Release|Any CPU
		{3E195862-7DA7-4D1A-9C5E-96C5F7801C0D}.Release|Any CPU.Build.0 = Release|Any CPU
	EndGlobalSection
	GlobalSection(SolutionProperties) = preSolution
		HideSolutionNode = FALSE
	EndGlobalSection
	GlobalSection(NestedProjects) = preSolution
		{89B4A3E3-A3F4-49F3-945F-B078632F5508} = {D62CB869-2121-4847-AB5C-9A15F6F37FDA}
		{A0F25177-0584-46FB-A11E-6AF5D8C38EC9} = {D62CB869-2121-4847-AB5C-9A15F6F37FDA}
		{1D830DD4-10E2-429B-BE80-FF19E02D2315} = {D62CB869-2121-4847-AB5C-9A15F6F37FDA}
		{51539187-E5ED-4883-AFBE-4F26FCCAE30C} = {D62CB869-2121-4847-AB5C-9A15F6F37FDA}
		{F47D57EA-58AF-469B-90FD-2E660E697490} = {D62CB869-2121-4847-AB5C-9A15F6F37FDA}
		{8F83811A-CF86-4064-8971-880EBAD01727} = {608E7AFF-ACCC-4505-86AD-8735EB4134AA}
		{DCD2A720-3C3B-482C-BF2C-3F6924264147} = {608E7AFF-ACCC-4505-86AD-8735EB4134AA}
		{496C7D5C-D0B5-4122-9F59-5DA2B68FAEB1} = {608E7AFF-ACCC-4505-86AD-8735EB4134AA}
		{ED618D26-2436-4D91-BC98-CA9BF9A3B2D4} = {608E7AFF-ACCC-4505-86AD-8735EB4134AA}
		{7880A781-596E-4879-ADDE-86EF85C3A0D3} = {608E7AFF-ACCC-4505-86AD-8735EB4134AA}
		{C05F11D6-3FEB-48E2-B1F4-D55AEE291D84} = {AB0A9F3D-0A56-48AD-ACEA-D38032EF4096}
		{DBBF59D6-7904-40AC-92B0-441CA7F55798} = {AB0A9F3D-0A56-48AD-ACEA-D38032EF4096}
		{60815E13-DD30-4D23-916E-13ADFE4249B6} = {AB0A9F3D-0A56-48AD-ACEA-D38032EF4096}
		{940611B1-6C19-45ED-B7D9-F90171511D20} = {AB0A9F3D-0A56-48AD-ACEA-D38032EF4096}
		{AB95C6DD-86F9-4C45-864F-228087484FAE} = {E0AF1AAB-F479-4502-87EE-B8229B3598E7}
		{23D3267B-1D0C-443F-8665-BB3D7F58C786} = {E0AF1AAB-F479-4502-87EE-B8229B3598E7}
		{7D185D6D-F60E-4470-8282-B13C0B7A076F} = {E0AF1AAB-F479-4502-87EE-B8229B3598E7}
		{915816C8-3174-4207-AAC8-1B38411AD107} = {E0AF1AAB-F479-4502-87EE-B8229B3598E7}
		{3E195862-7DA7-4D1A-9C5E-96C5F7801C0D} = {0C6CF187-F86A-48A3-BC8D-031D970C1654}
	EndGlobalSection
	GlobalSection(ExtensibilityGlobals) = postSolution
		SolutionGuid = {E676D17A-603A-4C9A-8488-584125BDD2A5}
	EndGlobalSection
EndGlobal
